# This file is autogenerated, do not edit; changes may be undone by the next 'dep ensure'.


[[projects]]
  name = "github.com/Azure/azure-sdk-for-go"
  packages = ["arm/resources/resources"]
  revision = "2d49bb8f2cee530cc16f1f1a9f0aae763dee257d"
  version = "v10.2.1-beta"

[[projects]]
  name = "github.com/Azure/go-autorest"
  packages = [
    "autorest",
    "autorest/adal",
    "autorest/azure",
    "autorest/date",
    "autorest/to",
    "autorest/validation"
  ]
  revision = "f6e08fe5e4d45c9a66e40196d3fed5f37331d224"
  version = "v8.1.1"

[[projects]]
  name = "github.com/apparentlymart/go-cidr"
  packages = ["cidr"]
  revision = "7e4b007599d4e2076d9a81be723b3912852dda2c"

[[projects]]
  name = "github.com/aws/aws-sdk-go"
  packages = [
    "aws",
    "aws/awserr",
    "aws/awsutil",
    "aws/client",
    "aws/client/metadata",
    "aws/corehandlers",
    "aws/credentials",
    "aws/credentials/ec2rolecreds",
    "aws/credentials/endpointcreds",
    "aws/credentials/stscreds",
    "aws/defaults",
    "aws/ec2metadata",
    "aws/endpoints",
    "aws/request",
    "aws/session",
    "aws/signer/v4",
    "internal/shareddefaults",
    "private/protocol",
    "private/protocol/query",
    "private/protocol/query/queryutil",
    "private/protocol/rest",
    "private/protocol/restxml",
    "private/protocol/xml/xmlutil",
    "service/s3",
    "service/sts"
  ]
  revision = "be4fa13e47938e4801fada8c8ca3d1867ad3dcb3"
  version = "v1.8.34"

[[projects]]
  branch = "master"
  name = "github.com/bgentry/go-netrc"
  packages = ["netrc"]
  revision = "9fd32a8b3d3d3f9d43c341bfe098430e07609480"

[[projects]]
  name = "github.com/dgrijalva/jwt-go"
  packages = ["."]
  revision = "f0777076321ab64f6efc15a82d9d23b98539b943"

[[projects]]
  name = "github.com/go-ini/ini"
  packages = ["."]
  revision = "766e555c68dc8bda90d197ee8946c37519c19409"
  version = "v1.23.1"

[[projects]]
  branch = "master"
  name = "github.com/hashicorp/errwrap"
  packages = ["."]
  revision = "7554cd9344cec97297fa6649b055a8c98c2a1e55"

[[projects]]
  name = "github.com/hashicorp/go-getter"
  packages = [
    ".",
    "helper/url"
  ]
  revision = "c3d66e76678dce180a7b452653472f949aedfbcd"

[[projects]]
  branch = "master"
  name = "github.com/hashicorp/go-multierror"
  packages = ["."]
  revision = "b7773ae218740a7be65057fc60b366a49b538a44"

[[projects]]
  name = "github.com/hashicorp/go-plugin"
  packages = ["."]
  revision = "f72692aebca2008343a9deb06ddb4b17f7051c15"

[[projects]]
  name = "github.com/hashicorp/go-uuid"
  packages = ["."]
  revision = "36289988d83ca270bc07c234c36f364b0dd9c9a7"

[[projects]]
  name = "github.com/hashicorp/go-version"
  packages = ["."]
  revision = "e96d3840402619007766590ecea8dd7af1292276"

[[projects]]
  name = "github.com/hashicorp/hcl"
  packages = [
    ".",
    "hcl/ast",
    "hcl/parser",
    "hcl/scanner",
    "hcl/strconv",
    "hcl/token",
    "json/parser",
    "json/scanner",
    "json/token"
  ]
  revision = "a4b07c25de5ff55ad3b8936cea69a79a3d95a855"

[[projects]]
  name = "github.com/hashicorp/hil"
  packages = [
    ".",
    "ast",
    "parser",
    "scanner"
  ]
  revision = "fac2259da677551de1fb92b844c4d020a38d8468"

[[projects]]
  name = "github.com/hashicorp/terraform"
  packages = [
    "config",
    "config/module",
    "dag",
    "flatmap",
    "helper/experiment",
    "helper/hashcode",
    "helper/hilmapstructure",
    "helper/schema",
    "helper/shadow",
    "plugin",
    "terraform"
  ]
  revision = "8d560482c34e865458fd884cb0790b4f73f09ad1"
  version = "v0.9.8"

[[projects]]
  name = "github.com/hashicorp/yamux"
  packages = ["."]
  revision = "d1caa6c97c9fc1cc9e83bbe34d0603f9ff0ce8bd"

[[projects]]
  name = "github.com/jmespath/go-jmespath"
  packages = ["."]
  revision = "bd40a432e4c76585ef6b72d3fd96fb9b6dc7b68d"

[[projects]]
  name = "github.com/mitchellh/copystructure"
  packages = ["."]
  revision = "5af94aef99f597e6a9e1f6ac6be6ce0f3c96b49d"

[[projects]]
  branch = "master"
  name = "github.com/mitchellh/go-homedir"
  packages = ["."]
  revision = "b8bc1bf767474819792c23f32d8286a45736f1c6"

[[projects]]
  name = "github.com/mitchellh/hashstructure"
  packages = ["."]
  revision = "6b17d669fac5e2f71c16658d781ec3fdd3802b69"

[[projects]]
  name = "github.com/mitchellh/mapstructure"
  packages = ["."]
  revision = "53818660ed4955e899c0bcafa97299a388bd7c8e"

[[projects]]
  name = "github.com/mitchellh/reflectwalk"
  packages = ["."]
  revision = "92573fe8d000a145bfebc03a16bc22b34945867f"

[[projects]]
  name = "github.com/satori/go.uuid"
  packages = ["."]
  revision = "b061729afc07e77a8aa4fad0a2fd840958f1942a"

[[projects]]
  name = "golang.org/x/crypto"
  packages = [
    "bcrypt",
    "blowfish"
  ]
  revision = "9477e0b78b9ac3d0b03822fd95422e2fe07627cd"

[solve-meta]
  analyzer-name = "dep"
  analyzer-version = 1
  inputs-digest = "5602836e49ff015fc0d255fe868c4d57c8e2e686bad9297753d6d479f88abc37"
  solver-name = "gps-cdcl"
  solver-version = 1
